// !$*UTF8*$!
{
	archiveVersion = 1;
	classes = {
	};
	objectVersion = 46;
	objects = {

/* Begin PBXBuildFile section */
		18AD8745199DB36C00C7E10D /* Foundation.framework in Frameworks */ = {isa = PBXBuildFile; fileRef = 18AD8744199DB36C00C7E10D /* Foundation.framework */; };
		18AD874A199DB36C00C7E10D /* ZSSRichTextEditor.h in CopyFiles */ = {isa = PBXBuildFile; fileRef = 18AD8749199DB36C00C7E10D /* ZSSRichTextEditor.h */; };
		18AD874C199DB36C00C7E10D /* ZSSRichTextEditor.m in Sources */ = {isa = PBXBuildFile; fileRef = 18AD874B199DB36C00C7E10D /* ZSSRichTextEditor.m */; };
		18AD8753199DB36C00C7E10D /* XCTest.framework in Frameworks */ = {isa = PBXBuildFile; fileRef = 18AD8752199DB36C00C7E10D /* XCTest.framework */; };
		18AD8754199DB36C00C7E10D /* Foundation.framework in Frameworks */ = {isa = PBXBuildFile; fileRef = 18AD8744199DB36C00C7E10D /* Foundation.framework */; };
		18AD8756199DB36C00C7E10D /* UIKit.framework in Frameworks */ = {isa = PBXBuildFile; fileRef = 18AD8755199DB36C00C7E10D /* UIKit.framework */; };
		18AD8759199DB36C00C7E10D /* libZSSRichTextEditor.a in Frameworks */ = {isa = PBXBuildFile; fileRef = 18AD8741199DB36C00C7E10D /* libZSSRichTextEditor.a */; };
		18AD876E199DB52500C7E10D /* ZSSTextView.m in Sources */ = {isa = PBXBuildFile; fileRef = 18AD876D199DB52500C7E10D /* ZSSTextView.m */; };
		18AD8771199DB53600C7E10D /* ZSSBarButtonItem.m in Sources */ = {isa = PBXBuildFile; fileRef = 18AD8770199DB53600C7E10D /* ZSSBarButtonItem.m */; };
		18AD8781199DB56C00C7E10D /* HRBrightnessCursor.m in Sources */ = {isa = PBXBuildFile; fileRef = 18AD8775199DB56C00C7E10D /* HRBrightnessCursor.m */; };
		18AD8782199DB56C00C7E10D /* HRCgUtil.m in Sources */ = {isa = PBXBuildFile; fileRef = 18AD8777199DB56C00C7E10D /* HRCgUtil.m */; };
		18AD8783199DB56C00C7E10D /* HRColorCursor.m in Sources */ = {isa = PBXBuildFile; fileRef = 18AD8779199DB56C00C7E10D /* HRColorCursor.m */; };
		18AD8784199DB56C00C7E10D /* HRColorPickerView.m in Sources */ = {isa = PBXBuildFile; fileRef = 18AD877C199DB56C00C7E10D /* HRColorPickerView.m */; };
		18AD8785199DB56C00C7E10D /* HRColorPickerViewController.m in Sources */ = {isa = PBXBuildFile; fileRef = 18AD877E199DB56C00C7E10D /* HRColorPickerViewController.m */; };
		18AD8786199DB56C00C7E10D /* HRColorUtil.m in Sources */ = {isa = PBXBuildFile; fileRef = 18AD8780199DB56C00C7E10D /* HRColorUtil.m */; };
		18AD878F199DB58500C7E10D /* CYRLayoutManager.m in Sources */ = {isa = PBXBuildFile; fileRef = 18AD8788199DB58500C7E10D /* CYRLayoutManager.m */; };
		18AD8790199DB58500C7E10D /* CYRTextStorage.m in Sources */ = {isa = PBXBuildFile; fileRef = 18AD878A199DB58500C7E10D /* CYRTextStorage.m */; };
		18AD8791199DB58500C7E10D /* CYRTextView.m in Sources */ = {isa = PBXBuildFile; fileRef = 18AD878C199DB58500C7E10D /* CYRTextView.m */; };
		18AD8792199DB58500C7E10D /* CYRToken.m in Sources */ = {isa = PBXBuildFile; fileRef = 18AD878E199DB58500C7E10D /* CYRToken.m */; };
		A18EF15C1ABCCC010086A12A /* UIWebView+HackishAccessoryHiding.m in Sources */ = {isa = PBXBuildFile; fileRef = A18EF15B1ABCCC010086A12A /* UIWebView+HackishAccessoryHiding.m */; };
/* End PBXBuildFile section */

/* Begin PBXContainerItemProxy section */
		18AD8757199DB36C00C7E10D /* PBXContainerItemProxy */ = {
			isa = PBXContainerItemProxy;
			containerPortal = 18AD8739199DB36C00C7E10D /* Project object */;
			proxyType = 1;
			remoteGlobalIDString = 18AD8740199DB36C00C7E10D;
			remoteInfo = ZSSRichTextEditor;
		};
/* End PBXContainerItemProxy section */

/* Begin PBXCopyFilesBuildPhase section */
		18AD873F199DB36C00C7E10D /* CopyFiles */ = {
			isa = PBXCopyFilesBuildPhase;
			buildActionMask = 2147483647;
			dstPath = "include/$(PRODUCT_NAME)";
			dstSubfolderSpec = 16;
			files = (
				18AD874A199DB36C00C7E10D /* ZSSRichTextEditor.h in CopyFiles */,
			);
			runOnlyForDeploymentPostprocessing = 0;
		};
/* End PBXCopyFilesBuildPhase section */

/* Begin PBXFileReference section */
		18AD8741199DB36C00C7E10D /* libZSSRichTextEditor.a */ = {isa = PBXFileReference; explicitFileType = archive.ar; includeInIndex = 0; path = libZSSRichTextEditor.a; sourceTree = BUILT_PRODUCTS_DIR; };
		18AD8744199DB36C00C7E10D /* Foundation.framework */ = {isa = PBXFileReference; lastKnownFileType = wrapper.framework; name = Foundation.framework; path = System/Library/Frameworks/Foundation.framework; sourceTree = SDKROOT; };
		18AD8748199DB36C00C7E10D /* ZSSRichTextEditor-Prefix.pch */ = {isa = PBXFileReference; lastKnownFileType = sourcecode.c.h; path = "ZSSRichTextEditor-Prefix.pch"; sourceTree = "<group>"; };
		18AD8749199DB36C00C7E10D /* ZSSRichTextEditor.h */ = {isa = PBXFileReference; lastKnownFileType = sourcecode.c.h; path = ZSSRichTextEditor.h; sourceTree = "<group>"; };
		18AD874B199DB36C00C7E10D /* ZSSRichTextEditor.m */ = {isa = PBXFileReference; lastKnownFileType = sourcecode.c.objc; path = ZSSRichTextEditor.m; sourceTree = "<group>"; };
		18AD8751199DB36C00C7E10D /* ZSSRichTextEditorTests.xctest */ = {isa = PBXFileReference; explicitFileType = wrapper.cfbundle; includeInIndex = 0; path = ZSSRichTextEditorTests.xctest; sourceTree = BUILT_PRODUCTS_DIR; };
		18AD8752199DB36C00C7E10D /* XCTest.framework */ = {isa = PBXFileReference; lastKnownFileType = wrapper.framework; name = XCTest.framework; path = Library/Frameworks/XCTest.framework; sourceTree = DEVELOPER_DIR; };
		18AD8755199DB36C00C7E10D /* UIKit.framework */ = {isa = PBXFileReference; lastKnownFileType = wrapper.framework; name = UIKit.framework; path = Library/Frameworks/UIKit.framework; sourceTree = DEVELOPER_DIR; };
		18AD876C199DB52500C7E10D /* ZSSTextView.h */ = {isa = PBXFileReference; fileEncoding = 4; lastKnownFileType = sourcecode.c.h; path = ZSSTextView.h; sourceTree = "<group>"; };
		18AD876D199DB52500C7E10D /* ZSSTextView.m */ = {isa = PBXFileReference; fileEncoding = 4; lastKnownFileType = sourcecode.c.objc; path = ZSSTextView.m; sourceTree = "<group>"; };
		18AD876F199DB53600C7E10D /* ZSSBarButtonItem.h */ = {isa = PBXFileReference; fileEncoding = 4; lastKnownFileType = sourcecode.c.h; path = ZSSBarButtonItem.h; sourceTree = "<group>"; };
		18AD8770199DB53600C7E10D /* ZSSBarButtonItem.m */ = {isa = PBXFileReference; fileEncoding = 4; lastKnownFileType = sourcecode.c.objc; path = ZSSBarButtonItem.m; sourceTree = "<group>"; };
		18AD8774199DB56C00C7E10D /* HRBrightnessCursor.h */ = {isa = PBXFileReference; fileEncoding = 4; lastKnownFileType = sourcecode.c.h; name = HRBrightnessCursor.h; path = "Third Party/HRBrightnessCursor.h"; sourceTree = "<group>"; };
		18AD8775199DB56C00C7E10D /* HRBrightnessCursor.m */ = {isa = PBXFileReference; fileEncoding = 4; lastKnownFileType = sourcecode.c.objc; name = HRBrightnessCursor.m; path = "Third Party/HRBrightnessCursor.m"; sourceTree = "<group>"; };
		18AD8776199DB56C00C7E10D /* HRCgUtil.h */ = {isa = PBXFileReference; fileEncoding = 4; lastKnownFileType = sourcecode.c.h; name = HRCgUtil.h; path = "Third Party/HRCgUtil.h"; sourceTree = "<group>"; };
		18AD8777199DB56C00C7E10D /* HRCgUtil.m */ = {isa = PBXFileReference; fileEncoding = 4; lastKnownFileType = sourcecode.c.objc; name = HRCgUtil.m; path = "Third Party/HRCgUtil.m"; sourceTree = "<group>"; };
		18AD8778199DB56C00C7E10D /* HRColorCursor.h */ = {isa = PBXFileReference; fileEncoding = 4; lastKnownFileType = sourcecode.c.h; name = HRColorCursor.h; path = "Third Party/HRColorCursor.h"; sourceTree = "<group>"; };
		18AD8779199DB56C00C7E10D /* HRColorCursor.m */ = {isa = PBXFileReference; fileEncoding = 4; lastKnownFileType = sourcecode.c.objc; name = HRColorCursor.m; path = "Third Party/HRColorCursor.m"; sourceTree = "<group>"; };
		18AD877A199DB56C00C7E10D /* HRColorPickerMacros.h */ = {isa = PBXFileReference; fileEncoding = 4; lastKnownFileType = sourcecode.c.h; name = HRColorPickerMacros.h; path = "Third Party/HRColorPickerMacros.h"; sourceTree = "<group>"; };
		18AD877B199DB56C00C7E10D /* HRColorPickerView.h */ = {isa = PBXFileReference; fileEncoding = 4; lastKnownFileType = sourcecode.c.h; name = HRColorPickerView.h; path = "Third Party/HRColorPickerView.h"; sourceTree = "<group>"; };
		18AD877C199DB56C00C7E10D /* HRColorPickerView.m */ = {isa = PBXFileReference; fileEncoding = 4; lastKnownFileType = sourcecode.c.objc; name = HRColorPickerView.m; path = "Third Party/HRColorPickerView.m"; sourceTree = "<group>"; };
		18AD877D199DB56C00C7E10D /* HRColorPickerViewController.h */ = {isa = PBXFileReference; fileEncoding = 4; lastKnownFileType = sourcecode.c.h; name = HRColorPickerViewController.h; path = "Third Party/HRColorPickerViewController.h"; sourceTree = "<group>"; };
		18AD877E199DB56C00C7E10D /* HRColorPickerViewController.m */ = {isa = PBXFileReference; fileEncoding = 4; lastKnownFileType = sourcecode.c.objc; name = HRColorPickerViewController.m; path = "Third Party/HRColorPickerViewController.m"; sourceTree = "<group>"; };
		18AD877F199DB56C00C7E10D /* HRColorUtil.h */ = {isa = PBXFileReference; fileEncoding = 4; lastKnownFileType = sourcecode.c.h; name = HRColorUtil.h; path = "Third Party/HRColorUtil.h"; sourceTree = "<group>"; };
		18AD8780199DB56C00C7E10D /* HRColorUtil.m */ = {isa = PBXFileReference; fileEncoding = 4; lastKnownFileType = sourcecode.c.objc; name = HRColorUtil.m; path = "Third Party/HRColorUtil.m"; sourceTree = "<group>"; };
		18AD8787199DB58500C7E10D /* CYRLayoutManager.h */ = {isa = PBXFileReference; fileEncoding = 4; lastKnownFileType = sourcecode.c.h; name = CYRLayoutManager.h; path = "Third Party/CYRLayoutManager.h"; sourceTree = "<group>"; };
		18AD8788199DB58500C7E10D /* CYRLayoutManager.m */ = {isa = PBXFileReference; fileEncoding = 4; lastKnownFileType = sourcecode.c.objc; name = CYRLayoutManager.m; path = "Third Party/CYRLayoutManager.m"; sourceTree = "<group>"; };
		18AD8789199DB58500C7E10D /* CYRTextStorage.h */ = {isa = PBXFileReference; fileEncoding = 4; lastKnownFileType = sourcecode.c.h; name = CYRTextStorage.h; path = "Third Party/CYRTextStorage.h"; sourceTree = "<group>"; };
		18AD878A199DB58500C7E10D /* CYRTextStorage.m */ = {isa = PBXFileReference; fileEncoding = 4; lastKnownFileType = sourcecode.c.objc; name = CYRTextStorage.m; path = "Third Party/CYRTextStorage.m"; sourceTree = "<group>"; };
		18AD878B199DB58500C7E10D /* CYRTextView.h */ = {isa = PBXFileReference; fileEncoding = 4; lastKnownFileType = sourcecode.c.h; name = CYRTextView.h; path = "Third Party/CYRTextView.h"; sourceTree = "<group>"; };
		18AD878C199DB58500C7E10D /* CYRTextView.m */ = {isa = PBXFileReference; fileEncoding = 4; lastKnownFileType = sourcecode.c.objc; name = CYRTextView.m; path = "Third Party/CYRTextView.m"; sourceTree = "<group>"; };
		18AD878D199DB58500C7E10D /* CYRToken.h */ = {isa = PBXFileReference; fileEncoding = 4; lastKnownFileType = sourcecode.c.h; name = CYRToken.h; path = "Third Party/CYRToken.h"; sourceTree = "<group>"; };
		18AD878E199DB58500C7E10D /* CYRToken.m */ = {isa = PBXFileReference; fileEncoding = 4; lastKnownFileType = sourcecode.c.objc; name = CYRToken.m; path = "Third Party/CYRToken.m"; sourceTree = "<group>"; };
		A18EF15A1ABCCC010086A12A /* UIWebView+HackishAccessoryHiding.h */ = {isa = PBXFileReference; fileEncoding = 4; lastKnownFileType = sourcecode.c.h; path = "UIWebView+HackishAccessoryHiding.h"; sourceTree = "<group>"; };
		A18EF15B1ABCCC010086A12A /* UIWebView+HackishAccessoryHiding.m */ = {isa = PBXFileReference; fileEncoding = 4; lastKnownFileType = sourcecode.c.objc; path = "UIWebView+HackishAccessoryHiding.m"; sourceTree = "<group>"; };
/* End PBXFileReference section */

/* Begin PBXFrameworksBuildPhase section */
		18AD873E199DB36C00C7E10D /* Frameworks */ = {
			isa = PBXFrameworksBuildPhase;
			buildActionMask = 2147483647;
			files = (
				18AD8745199DB36C00C7E10D /* Foundation.framework in Frameworks */,
			);
			runOnlyForDeploymentPostprocessing = 0;
		};
		18AD874E199DB36C00C7E10D /* Frameworks */ = {
			isa = PBXFrameworksBuildPhase;
			buildActionMask = 2147483647;
			files = (
				18AD8753199DB36C00C7E10D /* XCTest.framework in Frameworks */,
				18AD8756199DB36C00C7E10D /* UIKit.framework in Frameworks */,
				18AD8759199DB36C00C7E10D /* libZSSRichTextEditor.a in Frameworks */,
				18AD8754199DB36C00C7E10D /* Foundation.framework in Frameworks */,
			);
			runOnlyForDeploymentPostprocessing = 0;
		};
/* End PBXFrameworksBuildPhase section */

/* Begin PBXGroup section */
		18AD8738199DB36C00C7E10D = {
			isa = PBXGroup;
			children = (
				18AD8746199DB36C00C7E10D /* ZSSRichTextEditor */,
				18AD8743199DB36C00C7E10D /* Frameworks */,
				18AD8742199DB36C00C7E10D /* Products */,
			);
			sourceTree = "<group>";
		};
		18AD8742199DB36C00C7E10D /* Products */ = {
			isa = PBXGroup;
			children = (
				18AD8741199DB36C00C7E10D /* libZSSRichTextEditor.a */,
				18AD8751199DB36C00C7E10D /* ZSSRichTextEditorTests.xctest */,
			);
			name = Products;
			sourceTree = "<group>";
		};
		18AD8743199DB36C00C7E10D /* Frameworks */ = {
			isa = PBXGroup;
			children = (
				18AD8744199DB36C00C7E10D /* Foundation.framework */,
				18AD8752199DB36C00C7E10D /* XCTest.framework */,
				18AD8755199DB36C00C7E10D /* UIKit.framework */,
			);
			name = Frameworks;
			sourceTree = "<group>";
		};
		18AD8746199DB36C00C7E10D /* ZSSRichTextEditor */ = {
			isa = PBXGroup;
			children = (
				A18EF15D1ABCCC970086A12A /* Categories */,
				18AD876B199DB4F700C7E10D /* Views */,
				18AD876A199DB4ED00C7E10D /* Third Party */,
				18AD8749199DB36C00C7E10D /* ZSSRichTextEditor.h */,
				18AD874B199DB36C00C7E10D /* ZSSRichTextEditor.m */,
				18AD8747199DB36C00C7E10D /* Supporting Files */,
			);
			path = ZSSRichTextEditor;
			sourceTree = "<group>";
		};
		18AD8747199DB36C00C7E10D /* Supporting Files */ = {
			isa = PBXGroup;
			children = (
				18AD8748199DB36C00C7E10D /* ZSSRichTextEditor-Prefix.pch */,
			);
			name = "Supporting Files";
			sourceTree = "<group>";
		};
		18AD876A199DB4ED00C7E10D /* Third Party */ = {
			isa = PBXGroup;
			children = (
				18AD8773199DB55100C7E10D /* ColorPicker */,
				18AD8772199DB54300C7E10D /* CYRTextView */,
			);
			name = "Third Party";
			sourceTree = "<group>";
		};
		18AD876B199DB4F700C7E10D /* Views */ = {
			isa = PBXGroup;
			children = (
				18AD876F199DB53600C7E10D /* ZSSBarButtonItem.h */,
				18AD8770199DB53600C7E10D /* ZSSBarButtonItem.m */,
				18AD876C199DB52500C7E10D /* ZSSTextView.h */,
				18AD876D199DB52500C7E10D /* ZSSTextView.m */,
			);
			name = Views;
			sourceTree = "<group>";
		};
		18AD8772199DB54300C7E10D /* CYRTextView */ = {
			isa = PBXGroup;
			children = (
				18AD8787199DB58500C7E10D /* CYRLayoutManager.h */,
				18AD8788199DB58500C7E10D /* CYRLayoutManager.m */,
				18AD8789199DB58500C7E10D /* CYRTextStorage.h */,
				18AD878A199DB58500C7E10D /* CYRTextStorage.m */,
				18AD878B199DB58500C7E10D /* CYRTextView.h */,
				18AD878C199DB58500C7E10D /* CYRTextView.m */,
				18AD878D199DB58500C7E10D /* CYRToken.h */,
				18AD878E199DB58500C7E10D /* CYRToken.m */,
			);
			name = CYRTextView;
			sourceTree = "<group>";
		};
		18AD8773199DB55100C7E10D /* ColorPicker */ = {
			isa = PBXGroup;
			children = (
				18AD8774199DB56C00C7E10D /* HRBrightnessCursor.h */,
				18AD8775199DB56C00C7E10D /* HRBrightnessCursor.m */,
				18AD8776199DB56C00C7E10D /* HRCgUtil.h */,
				18AD8777199DB56C00C7E10D /* HRCgUtil.m */,
				18AD8778199DB56C00C7E10D /* HRColorCursor.h */,
				18AD8779199DB56C00C7E10D /* HRColorCursor.m */,
				18AD877A199DB56C00C7E10D /* HRColorPickerMacros.h */,
				18AD877B199DB56C00C7E10D /* HRColorPickerView.h */,
				18AD877C199DB56C00C7E10D /* HRColorPickerView.m */,
				18AD877D199DB56C00C7E10D /* HRColorPickerViewController.h */,
				18AD877E199DB56C00C7E10D /* HRColorPickerViewController.m */,
				18AD877F199DB56C00C7E10D /* HRColorUtil.h */,
				18AD8780199DB56C00C7E10D /* HRColorUtil.m */,
			);
			name = ColorPicker;
			sourceTree = "<group>";
		};
		A18EF15D1ABCCC970086A12A /* Categories */ = {
			isa = PBXGroup;
			children = (
				A18EF15A1ABCCC010086A12A /* UIWebView+HackishAccessoryHiding.h */,
				A18EF15B1ABCCC010086A12A /* UIWebView+HackishAccessoryHiding.m */,
			);
			name = Categories;
			sourceTree = "<group>";
		};
/* End PBXGroup section */

/* Begin PBXNativeTarget section */
		18AD8740199DB36C00C7E10D /* ZSSRichTextEditor */ = {
			isa = PBXNativeTarget;
			buildConfigurationList = 18AD8764199DB36C00C7E10D /* Build configuration list for PBXNativeTarget "ZSSRichTextEditor" */;
			buildPhases = (
				18AD873D199DB36C00C7E10D /* Sources */,
				18AD873E199DB36C00C7E10D /* Frameworks */,
				18AD873F199DB36C00C7E10D /* CopyFiles */,
			);
			buildRules = (
			);
			dependencies = (
			);
			name = ZSSRichTextEditor;
			productName = ZSSRichTextEditor;
			productReference = 18AD8741199DB36C00C7E10D /* libZSSRichTextEditor.a */;
			productType = "com.apple.product-type.library.static";
		};
		18AD8750199DB36C00C7E10D /* ZSSRichTextEditorTests */ = {
			isa = PBXNativeTarget;
			buildConfigurationList = 18AD8767199DB36C00C7E10D /* Build configuration list for PBXNativeTarget "ZSSRichTextEditorTests" */;
			buildPhases = (
				18AD874D199DB36C00C7E10D /* Sources */,
				18AD874E199DB36C00C7E10D /* Frameworks */,
				18AD874F199DB36C00C7E10D /* Resources */,
			);
			buildRules = (
			);
			dependencies = (
				18AD8758199DB36C00C7E10D /* PBXTargetDependency */,
			);
			name = ZSSRichTextEditorTests;
			productName = ZSSRichTextEditorTests;
			productReference = 18AD8751199DB36C00C7E10D /* ZSSRichTextEditorTests.xctest */;
			productType = "com.apple.product-type.bundle.unit-test";
		};
/* End PBXNativeTarget section */

/* Begin PBXProject section */
		18AD8739199DB36C00C7E10D /* Project object */ = {
			isa = PBXProject;
			attributes = {
				LastUpgradeCheck = 0700;
				ORGANIZATIONNAME = "Navi Singh";
			};
			buildConfigurationList = 18AD873C199DB36C00C7E10D /* Build configuration list for PBXProject "ZSSRichTextEditor" */;
			compatibilityVersion = "Xcode 3.2";
			developmentRegion = English;
			hasScannedForEncodings = 0;
			knownRegions = (
				en,
			);
			mainGroup = 18AD8738199DB36C00C7E10D;
			productRefGroup = 18AD8742199DB36C00C7E10D /* Products */;
			projectDirPath = "";
			projectRoot = "";
			targets = (
				18AD8740199DB36C00C7E10D /* ZSSRichTextEditor */,
				18AD8750199DB36C00C7E10D /* ZSSRichTextEditorTests */,
			);
		};
/* End PBXProject section */

/* Begin PBXResourcesBuildPhase section */
		18AD874F199DB36C00C7E10D /* Resources */ = {
			isa = PBXResourcesBuildPhase;
			buildActionMask = 2147483647;
			files = (
			);
			runOnlyForDeploymentPostprocessing = 0;
		};
/* End PBXResourcesBuildPhase section */

/* Begin PBXSourcesBuildPhase section */
		18AD873D199DB36C00C7E10D /* Sources */ = {
			isa = PBXSourcesBuildPhase;
			buildActionMask = 2147483647;
			files = (
				18AD8781199DB56C00C7E10D /* HRBrightnessCursor.m in Sources */,
				18AD876E199DB52500C7E10D /* ZSSTextView.m in Sources */,
				18AD8791199DB58500C7E10D /* CYRTextView.m in Sources */,
				18AD8786199DB56C00C7E10D /* HRColorUtil.m in Sources */,
				18AD8771199DB53600C7E10D /* ZSSBarButtonItem.m in Sources */,
				18AD874C199DB36C00C7E10D /* ZSSRichTextEditor.m in Sources */,
				18AD8790199DB58500C7E10D /* CYRTextStorage.m in Sources */,
				18AD8782199DB56C00C7E10D /* HRCgUtil.m in Sources */,
				18AD878F199DB58500C7E10D /* CYRLayoutManager.m in Sources */,
				A18EF15C1ABCCC010086A12A /* UIWebView+HackishAccessoryHiding.m in Sources */,
				18AD8792199DB58500C7E10D /* CYRToken.m in Sources */,
				18AD8783199DB56C00C7E10D /* HRColorCursor.m in Sources */,
				18AD8785199DB56C00C7E10D /* HRColorPickerViewController.m in Sources */,
				18AD8784199DB56C00C7E10D /* HRColorPickerView.m in Sources */,
			);
			runOnlyForDeploymentPostprocessing = 0;
		};
		18AD874D199DB36C00C7E10D /* Sources */ = {
			isa = PBXSourcesBuildPhase;
			buildActionMask = 2147483647;
			files = (
			);
			runOnlyForDeploymentPostprocessing = 0;
		};
/* End PBXSourcesBuildPhase section */

/* Begin PBXTargetDependency section */
		18AD8758199DB36C00C7E10D /* PBXTargetDependency */ = {
			isa = PBXTargetDependency;
			target = 18AD8740199DB36C00C7E10D /* ZSSRichTextEditor */;
			targetProxy = 18AD8757199DB36C00C7E10D /* PBXContainerItemProxy */;
		};
/* End PBXTargetDependency section */

/* Begin XCBuildConfiguration section */
		18AD8762199DB36C00C7E10D /* Debug */ = {
			isa = XCBuildConfiguration;
			buildSettings = {
				ALWAYS_SEARCH_USER_PATHS = NO;
				CLANG_CXX_LANGUAGE_STANDARD = "gnu++0x";
				CLANG_CXX_LIBRARY = "libc++";
				CLANG_ENABLE_MODULES = YES;
				CLANG_ENABLE_OBJC_ARC = YES;
				CLANG_WARN_BOOL_CONVERSION = YES;
				CLANG_WARN_CONSTANT_CONVERSION = YES;
				CLANG_WARN_DIRECT_OBJC_ISA_USAGE = YES_ERROR;
				CLANG_WARN_EMPTY_BODY = YES;
				CLANG_WARN_ENUM_CONVERSION = YES;
				CLANG_WARN_INT_CONVERSION = YES;
				CLANG_WARN_OBJC_ROOT_CLASS = YES_ERROR;
				CLANG_WARN__DUPLICATE_METHOD_MATCH = YES;
				COPY_PHASE_STRIP = NO;
				ENABLE_TESTABILITY = YES;
				GCC_C_LANGUAGE_STANDARD = gnu99;
				GCC_DYNAMIC_NO_PIC = NO;
				GCC_OPTIMIZATION_LEVEL = 0;
				GCC_PREPROCESSOR_DEFINITIONS = (
					"DEBUG=1",
					"$(inherited)",
				);
				GCC_SYMBOLS_PRIVATE_EXTERN = NO;
				GCC_WARN_64_TO_32_BIT_CONVERSION = YES;
				GCC_WARN_ABOUT_RETURN_TYPE = YES_ERROR;
				GCC_WARN_UNDECLARED_SELECTOR = YES;
				GCC_WARN_UNINITIALIZED_AUTOS = YES_AGGRESSIVE;
				GCC_WARN_UNUSED_FUNCTION = YES;
				GCC_WARN_UNUSED_VARIABLE = YES;
				IPHONEOS_DEPLOYMENT_TARGET = 8.0;
				ONLY_ACTIVE_ARCH = YES;
				SDKROOT = iphoneos;
			};
			name = Debug;
		};
		18AD8763199DB36C00C7E10D /* Release */ = {
			isa = XCBuildConfiguration;
			buildSettings = {
				ALWAYS_SEARCH_USER_PATHS = NO;
				CLANG_CXX_LANGUAGE_STANDARD = "gnu++0x";
				CLANG_CXX_LIBRARY = "libc++";
				CLANG_ENABLE_MODULES = YES;
				CLANG_ENABLE_OBJC_ARC = YES;
				CLANG_WARN_BOOL_CONVERSION = YES;
				CLANG_WARN_CONSTANT_CONVERSION = YES;
				CLANG_WARN_DIRECT_OBJC_ISA_USAGE = YES_ERROR;
				CLANG_WARN_EMPTY_BODY = YES;
				CLANG_WARN_ENUM_CONVERSION = YES;
				CLANG_WARN_INT_CONVERSION = YES;
				CLANG_WARN_OBJC_ROOT_CLASS = YES_ERROR;
				CLANG_WARN__DUPLICATE_METHOD_MATCH = YES;
				COPY_PHASE_STRIP = YES;
				ENABLE_NS_ASSERTIONS = NO;
				GCC_C_LANGUAGE_STANDARD = gnu99;
				GCC_WARN_64_TO_32_BIT_CONVERSION = YES;
				GCC_WARN_ABOUT_RETURN_TYPE = YES_ERROR;
				GCC_WARN_UNDECLARED_SELECTOR = YES;
				GCC_WARN_UNINITIALIZED_AUTOS = YES_AGGRESSIVE;
				GCC_WARN_UNUSED_FUNCTION = YES;
				GCC_WARN_UNUSED_VARIABLE = YES;
				IPHONEOS_DEPLOYMENT_TARGET = 8.0;
				SDKROOT = iphoneos;
				VALIDATE_PRODUCT = YES;
			};
			name = Release;
		};
		18AD8765199DB36C00C7E10D /* Debug */ = {
			isa = XCBuildConfiguration;
			buildSettings = {
				DSTROOT = /tmp/ZSSRichTextEditor.dst;
				GCC_PRECOMPILE_PREFIX_HEADER = YES;
				GCC_PREFIX_HEADER = "ZSSRichTextEditor/ZSSRichTextEditor-Prefix.pch";
				OTHER_LDFLAGS = "-ObjC";
				PRODUCT_NAME = "$(TARGET_NAME)";
				SKIP_INSTALL = YES;
			};
			name = Debug;
		};
		18AD8766199DB36C00C7E10D /* Release */ = {
			isa = XCBuildConfiguration;
			buildSettings = {
				DSTROOT = /tmp/ZSSRichTextEditor.dst;
				GCC_PRECOMPILE_PREFIX_HEADER = YES;
				GCC_PREFIX_HEADER = "ZSSRichTextEditor/ZSSRichTextEditor-Prefix.pch";
				OTHER_LDFLAGS = "-ObjC";
				PRODUCT_NAME = "$(TARGET_NAME)";
				SKIP_INSTALL = YES;
			};
			name = Release;
		};
		18AD8768199DB36C00C7E10D /* Debug */ = {
			isa = XCBuildConfiguration;
			buildSettings = {
				FRAMEWORK_SEARCH_PATHS = (
					"$(SDKROOT)/Developer/Library/Frameworks",
					"$(inherited)",
					"$(DEVELOPER_FRAMEWORKS_DIR)",
				);
				GCC_PRECOMPILE_PREFIX_HEADER = YES;
				GCC_PREFIX_HEADER = "ZSSRichTextEditor/ZSSRichTextEditor-Prefix.pch";
				GCC_PREPROCESSOR_DEFINITIONS = (
					"DEBUG=1",
					"$(inherited)",
				);
				INFOPLIST_FILE = "ZSSRichTextEditorTests/ZSSRichTextEditorTests-Info.plist";
				PRODUCT_NAME = "$(TARGET_NAME)";
				WRAPPER_EXTENSION = xctest;
			};
			name = Debug;
		};
		18AD8769199DB36C00C7E10D /* Release */ = {
			isa = XCBuildConfiguration;
			buildSettings = {
				FRAMEWORK_SEARCH_PATHS = (
					"$(SDKROOT)/Developer/Library/Frameworks",
					"$(inherited)",
					"$(DEVELOPER_FRAMEWORKS_DIR)",
				);
				GCC_PRECOMPILE_PREFIX_HEADER = YES;
				GCC_PREFIX_HEADER = "ZSSRichTextEditor/ZSSRichTextEditor-Prefix.pch";
				INFOPLIST_FILE = "ZSSRichTextEditorTests/ZSSRichTextEditorTests-Info.plist";
				PRODUCT_NAME = "$(TARGET_NAME)";
				WRAPPER_EXTENSION = xctest;
			};
			name = Release;
		};
/* End XCBuildConfiguration section */

/* Begin XCConfigurationList section */
		18AD873C199DB36C00C7E10D /* Build configuration list for PBXProject "ZSSRichTextEditor" */ = {
			isa = XCConfigurationList;
			buildConfigurations = (
				18AD8762199DB36C00C7E10D /* Debug */,
				18AD8763199DB36C00C7E10D /* Release */,
			);
			defaultConfigurationIsVisible = 0;
			defaultConfigurationName = Release;
		};
		18AD8764199DB36C00C7E10D /* Build configuration list for PBXNativeTarget "ZSSRichTextEditor" */ = {
			isa = XCConfigurationList;
			buildConfigurations = (
				18AD8765199DB36C00C7E10D /* Debug */,
				18AD8766199DB36C00C7E10D /* Release */,
			);
			defaultConfigurationIsVisible = 0;
			defaultConfigurationName = Release;
		};
		18AD8767199DB36C00C7E10D /* Build configuration list for PBXNativeTarget "ZSSRichTextEditorTests" */ = {
			isa = XCConfigurationList;
			buildConfigurations = (
				18AD8768199DB36C00C7E10D /* Debug */,
				18AD8769199DB36C00C7E10D /* Release */,
			);
			defaultConfigurationIsVisible = 0;
			defaultConfigurationName = Release;
		};
/* End XCConfigurationList section */
	};
	rootObject = 18AD8739199DB36C00C7E10D /* Project object */;
}
